
Microsoft Visual Studio Solution File, Format Version 12.00
# Visual Studio Version 16
VisualStudioVersion = 16.0.31424.327
MinimumVisualStudioVersion = 10.0.40219.1
Project("{FAE04EC0-301F-11D3-BF4B-00C04F79EFBC}") = "DataTypes", "DataTypes.csproj", "{14659EF7-FA50-4236-8977-5CD52B371829}"
EndProject
Global
	GlobalSection(SolutionConfigurationPlatforms) = preSolution
		Debug|Any CPU = Debug|Any CPU
		Release|Any CPU = Release|Any CPU
	EndGlobalSection
	GlobalSection(ProjectConfigurationPlatforms) = postSolution
		{14659EF7-FA50-4236-8977-5CD52B371829}.Debug|Any CPU.ActiveCfg = Debug|Any CPU
		{14659EF7-FA50-4236-8977-5CD52B371829}.Debug|Any CPU.Build.0 = Debug|Any CPU
		{14659EF7-FA50-4236-8977-5CD52B371829}.Release|Any CPU.ActiveCfg = Release|Any CPU
		{14659EF7-FA50-4236-8977-5CD52B371829}.Release|Any CPU.Build.0 = Release|Any CPU
	EndGlobalSection
	GlobalSection(SolutionProperties) = preSolution
		HideSolutionNode = FALSE
	EndGlobalSection
	GlobalSection(ExtensibilityGlobals) = postSolution
		SolutionGuid = {BBF7DC82-6F94-490E-A22C-83024E84907D}
	EndGlobalSection
EndGlobal
